
Microsoft Visual Studio Solution File, Format Version 12.00
# Visual Studio Version 17
VisualStudioVersion = 17.0.31903.59
MinimumVisualStudioVersion = 10.0.40219.1
Project("{FAE04EC0-301F-11D3-BF4B-00C04F79EFBC}") = "Engine.Core", "Engine.Core\Engine.Core.csproj", "{34F06698-A376-4AE2-84FE-CA25A47C4B85}"
EndProject
Project("{FAE04EC0-301F-11D3-BF4B-00C04F79EFBC}") = "Engine.Module.Rendering", "Engine.Module.Rendering\Engine.Module.Rendering.csproj", "{F5B56C5F-73F1-45E0-80BB-9A02A7D117B9}"
EndProject
Project("{FAE04EC0-301F-11D3-BF4B-00C04F79EFBC}") = "Engine.Main.Editor", "Engine.Main.Editor\Engine.Main.Editor.csproj", "{B7414AE0-0839-45D1-8743-7E9B2FF1D8EB}"
EndProject
Project("{FAE04EC0-301F-11D3-BF4B-00C04F79EFBC}") = "Engine.Core.EntitySystem", "Engine.Core.EntitySystem\Engine.Core.EntitySystem.csproj", "{D5A69DA2-D10F-4FC8-9F48-83E2BB5A7ED9}"
EndProject
Project("{FAE04EC0-301F-11D3-BF4B-00C04F79EFBC}") = "Engine.Testing", "Engine.Testing\Engine.Testing.csproj", "{528B5DA6-7490-41DA-8BC8-48E8FDACD880}"
EndProject
Project("{FAE04EC0-301F-11D3-BF4B-00C04F79EFBC}") = "User.Game", "User.Game\User.Game.csproj", "{33B06A87-7C42-4B71-9167-4D1601BF61BD}"
EndProject
Project("{FAE04EC0-301F-11D3-BF4B-00C04F79EFBC}") = "Engine.Tooling.Roslyn", "Engine.Tooling.Roslyn\Engine.Tooling.Roslyn.csproj", "{14B9358F-3AB7-457F-A569-B58CC7D1340B}"
EndProject
Project("{FAE04EC0-301F-11D3-BF4B-00C04F79EFBC}") = "Engine.Core.Assets", "Engine.Core.Assets\Engine.Core.Assets.csproj", "{35209674-AA28-4826-AC74-024F8C432108}"
EndProject
Project("{FAE04EC0-301F-11D3-BF4B-00C04F79EFBC}") = "Engine.Core.Input", "Engine.Core.Input\Engine.Core.Input.csproj", "{A24103E5-EF8B-44CA-932B-1BBC3B1C2831}"
EndProject
Project("{FAE04EC0-301F-11D3-BF4B-00C04F79EFBC}") = "Engine.Module.Host", "Engine.Module.Host\Engine.Module.Host.csproj", "{42C14F0D-BBF3-4BEB-8376-29B1EFB69AC3}"
EndProject
Project("{FAE04EC0-301F-11D3-BF4B-00C04F79EFBC}") = "Engine.Module.Physics", "Engine.Module.Physics\Engine.Module.Physics.csproj", "{57715680-8A63-4E07-9C93-FC417EDCDBD6}"
EndProject
Project("{FAE04EC0-301F-11D3-BF4B-00C04F79EFBC}") = "Engine.Main.Launcher", "Engine.Main.Launcher\Engine.Main.Launcher.csproj", "{B3A499A8-C04E-4069-B677-48CDA0519EB6}"
EndProject
Project("{FAE04EC0-301F-11D3-BF4B-00C04F79EFBC}") = "Engine.Core.Geometry", "Engine.Core.Geometry\Engine.Core.Geometry.csproj", "{A9A99E0A-BE84-421F-9D21-34BB30B2BEAA}"
EndProject
Project("{FAE04EC0-301F-11D3-BF4B-00C04F79EFBC}") = "Engine.Core.Common", "Engine.Core.Common\Engine.Core.Common.csproj", "{C8F59C23-E0A1-4E4B-981A-2549E0BE1552}"
EndProject
Project("{FAE04EC0-301F-11D3-BF4B-00C04F79EFBC}") = "Engine.Module.Utility", "Engine.Module.Utility\Engine.Module.Utility.csproj", "{A83ADF2D-E770-43D2-9673-EABF30DA6A2F}"
EndProject
Project("{FAE04EC0-301F-11D3-BF4B-00C04F79EFBC}") = "Engine.Main.Game", "Engine.Main.Game\Engine.Main.Game.csproj", "{9F9CE5DC-E883-45BA-A6C1-CCDB003DC9FF}"
EndProject
Project("{FAE04EC0-301F-11D3-BF4B-00C04F79EFBC}") = "Engine.Core.Lamina", "Engine.Core.Lamina\Engine.Core.Lamina.csproj", "{26989E45-A768-4615-A1D7-7A7AF9CE65C5}"
EndProject
Project("{FAE04EC0-301F-11D3-BF4B-00C04F79EFBC}") = "Engine.Tooling.Weaver", "Engine.Tooling.Weaver\Engine.Tooling.Weaver.csproj", "{35FBA4A0-F3F0-4E9A-865F-8267A9B105A5}"
EndProject
Project("{FAE04EC0-301F-11D3-BF4B-00C04F79EFBC}") = "Engine.Main.Shared", "Engine.Main.Shared\Engine.Main.Shared.csproj", "{2D543F2B-A407-4674-B56B-2D0C00A8A2C0}"
EndProject
Global
	GlobalSection(SolutionConfigurationPlatforms) = preSolution
		Debug|x64 = Debug|x64
		Release|x64 = Release|x64
		Shipping|x64 = Shipping|x64
	EndGlobalSection
	GlobalSection(ProjectConfigurationPlatforms) = postSolution
		{34F06698-A376-4AE2-84FE-CA25A47C4B85}.Debug|x64.ActiveCfg = Debug|x64
		{34F06698-A376-4AE2-84FE-CA25A47C4B85}.Debug|x64.Build.0 = Debug|x64
		{34F06698-A376-4AE2-84FE-CA25A47C4B85}.Release|x64.ActiveCfg = Release|x64
		{34F06698-A376-4AE2-84FE-CA25A47C4B85}.Release|x64.Build.0 = Release|x64
		{34F06698-A376-4AE2-84FE-CA25A47C4B85}.Shipping|x64.ActiveCfg = Release|x64
		{34F06698-A376-4AE2-84FE-CA25A47C4B85}.Shipping|x64.Build.0 = Release|x64
		{F5B56C5F-73F1-45E0-80BB-9A02A7D117B9}.Debug|x64.ActiveCfg = Debug|x64
		{F5B56C5F-73F1-45E0-80BB-9A02A7D117B9}.Debug|x64.Build.0 = Debug|x64
		{F5B56C5F-73F1-45E0-80BB-9A02A7D117B9}.Release|x64.ActiveCfg = Release|x64
		{F5B56C5F-73F1-45E0-80BB-9A02A7D117B9}.Release|x64.Build.0 = Release|x64
		{F5B56C5F-73F1-45E0-80BB-9A02A7D117B9}.Shipping|x64.ActiveCfg = Release|x64
		{F5B56C5F-73F1-45E0-80BB-9A02A7D117B9}.Shipping|x64.Build.0 = Release|x64
		{B7414AE0-0839-45D1-8743-7E9B2FF1D8EB}.Debug|x64.ActiveCfg = Debug|x64
		{B7414AE0-0839-45D1-8743-7E9B2FF1D8EB}.Debug|x64.Build.0 = Debug|x64
		{B7414AE0-0839-45D1-8743-7E9B2FF1D8EB}.Release|x64.ActiveCfg = Release|x64
		{B7414AE0-0839-45D1-8743-7E9B2FF1D8EB}.Release|x64.Build.0 = Release|x64
		{D5A69DA2-D10F-4FC8-9F48-83E2BB5A7ED9}.Debug|x64.ActiveCfg = Debug|x64
		{D5A69DA2-D10F-4FC8-9F48-83E2BB5A7ED9}.Debug|x64.Build.0 = Debug|x64
		{D5A69DA2-D10F-4FC8-9F48-83E2BB5A7ED9}.Release|x64.ActiveCfg = Release|x64
		{D5A69DA2-D10F-4FC8-9F48-83E2BB5A7ED9}.Release|x64.Build.0 = Release|x64
		{D5A69DA2-D10F-4FC8-9F48-83E2BB5A7ED9}.Shipping|x64.ActiveCfg = Release|x64
		{D5A69DA2-D10F-4FC8-9F48-83E2BB5A7ED9}.Shipping|x64.Build.0 = Release|x64
		{528B5DA6-7490-41DA-8BC8-48E8FDACD880}.Debug|x64.ActiveCfg = Debug|x64
		{528B5DA6-7490-41DA-8BC8-48E8FDACD880}.Debug|x64.Build.0 = Debug|x64
		{528B5DA6-7490-41DA-8BC8-48E8FDACD880}.Release|x64.ActiveCfg = Release|x64
		{528B5DA6-7490-41DA-8BC8-48E8FDACD880}.Release|x64.Build.0 = Release|x64
		{33B06A87-7C42-4B71-9167-4D1601BF61BD}.Debug|x64.ActiveCfg = Debug|x64
		{33B06A87-7C42-4B71-9167-4D1601BF61BD}.Debug|x64.Build.0 = Debug|x64
		{33B06A87-7C42-4B71-9167-4D1601BF61BD}.Release|x64.ActiveCfg = Release|x64
		{33B06A87-7C42-4B71-9167-4D1601BF61BD}.Release|x64.Build.0 = Release|x64
		{33B06A87-7C42-4B71-9167-4D1601BF61BD}.Shipping|x64.ActiveCfg = Release|x64
		{33B06A87-7C42-4B71-9167-4D1601BF61BD}.Shipping|x64.Build.0 = Release|x64
		{14B9358F-3AB7-457F-A569-B58CC7D1340B}.Debug|x64.ActiveCfg = Debug|x64
		{14B9358F-3AB7-457F-A569-B58CC7D1340B}.Debug|x64.Build.0 = Debug|x64
		{14B9358F-3AB7-457F-A569-B58CC7D1340B}.Release|x64.ActiveCfg = Release|x64
		{14B9358F-3AB7-457F-A569-B58CC7D1340B}.Release|x64.Build.0 = Release|x64
		{14B9358F-3AB7-457F-A569-B58CC7D1340B}.Shipping|x64.ActiveCfg = Release|x64
		{14B9358F-3AB7-457F-A569-B58CC7D1340B}.Shipping|x64.Build.0 = Release|x64
		{35209674-AA28-4826-AC74-024F8C432108}.Debug|x64.ActiveCfg = Debug|x64
		{35209674-AA28-4826-AC74-024F8C432108}.Debug|x64.Build.0 = Debug|x64
		{35209674-AA28-4826-AC74-024F8C432108}.Release|x64.ActiveCfg = Release|x64
		{35209674-AA28-4826-AC74-024F8C432108}.Release|x64.Build.0 = Release|x64
		{35209674-AA28-4826-AC74-024F8C432108}.Shipping|x64.ActiveCfg = Release|x64
		{35209674-AA28-4826-AC74-024F8C432108}.Shipping|x64.Build.0 = Release|x64
		{A24103E5-EF8B-44CA-932B-1BBC3B1C2831}.Debug|x64.ActiveCfg = Debug|x64
		{A24103E5-EF8B-44CA-932B-1BBC3B1C2831}.Debug|x64.Build.0 = Debug|x64
		{A24103E5-EF8B-44CA-932B-1BBC3B1C2831}.Release|x64.ActiveCfg = Release|x64
		{A24103E5-EF8B-44CA-932B-1BBC3B1C2831}.Release|x64.Build.0 = Release|x64
		{A24103E5-EF8B-44CA-932B-1BBC3B1C2831}.Shipping|x64.ActiveCfg = Release|x64
		{A24103E5-EF8B-44CA-932B-1BBC3B1C2831}.Shipping|x64.Build.0 = Release|x64
		{42C14F0D-BBF3-4BEB-8376-29B1EFB69AC3}.Debug|x64.ActiveCfg = Debug|x64
		{42C14F0D-BBF3-4BEB-8376-29B1EFB69AC3}.Debug|x64.Build.0 = Debug|x64
		{42C14F0D-BBF3-4BEB-8376-29B1EFB69AC3}.Release|x64.ActiveCfg = Release|x64
		{42C14F0D-BBF3-4BEB-8376-29B1EFB69AC3}.Release|x64.Build.0 = Release|x64
		{57715680-8A63-4E07-9C93-FC417EDCDBD6}.Debug|x64.ActiveCfg = Debug|x64
		{57715680-8A63-4E07-9C93-FC417EDCDBD6}.Debug|x64.Build.0 = Debug|x64
		{57715680-8A63-4E07-9C93-FC417EDCDBD6}.Release|x64.ActiveCfg = Release|x64
		{57715680-8A63-4E07-9C93-FC417EDCDBD6}.Release|x64.Build.0 = Release|x64
		{57715680-8A63-4E07-9C93-FC417EDCDBD6}.Shipping|x64.ActiveCfg = Release|x64
		{57715680-8A63-4E07-9C93-FC417EDCDBD6}.Shipping|x64.Build.0 = Release|x64
		{B3A499A8-C04E-4069-B677-48CDA0519EB6}.Debug|x64.ActiveCfg = Debug|x64
		{B3A499A8-C04E-4069-B677-48CDA0519EB6}.Debug|x64.Build.0 = Debug|x64
		{B3A499A8-C04E-4069-B677-48CDA0519EB6}.Release|x64.ActiveCfg = Release|x64
		{B3A499A8-C04E-4069-B677-48CDA0519EB6}.Release|x64.Build.0 = Release|x64
		{B3A499A8-C04E-4069-B677-48CDA0519EB6}.Shipping|x64.ActiveCfg = Release|x64
		{B3A499A8-C04E-4069-B677-48CDA0519EB6}.Shipping|x64.Build.0 = Release|x64
		{A9A99E0A-BE84-421F-9D21-34BB30B2BEAA}.Debug|x64.ActiveCfg = Debug|x64
		{A9A99E0A-BE84-421F-9D21-34BB30B2BEAA}.Debug|x64.Build.0 = Debug|x64
		{A9A99E0A-BE84-421F-9D21-34BB30B2BEAA}.Release|x64.ActiveCfg = Release|x64
		{A9A99E0A-BE84-421F-9D21-34BB30B2BEAA}.Release|x64.Build.0 = Release|x64
		{A9A99E0A-BE84-421F-9D21-34BB30B2BEAA}.Shipping|x64.ActiveCfg = Release|x64
		{A9A99E0A-BE84-421F-9D21-34BB30B2BEAA}.Shipping|x64.Build.0 = Release|x64
		{C8F59C23-E0A1-4E4B-981A-2549E0BE1552}.Debug|x64.ActiveCfg = Debug|x64
		{C8F59C23-E0A1-4E4B-981A-2549E0BE1552}.Debug|x64.Build.0 = Debug|x64
		{C8F59C23-E0A1-4E4B-981A-2549E0BE1552}.Release|x64.ActiveCfg = Release|x64
		{C8F59C23-E0A1-4E4B-981A-2549E0BE1552}.Release|x64.Build.0 = Release|x64
		{C8F59C23-E0A1-4E4B-981A-2549E0BE1552}.Shipping|x64.ActiveCfg = Release|x64
		{C8F59C23-E0A1-4E4B-981A-2549E0BE1552}.Shipping|x64.Build.0 = Release|x64
		{A83ADF2D-E770-43D2-9673-EABF30DA6A2F}.Debug|x64.ActiveCfg = Debug|x64
		{A83ADF2D-E770-43D2-9673-EABF30DA6A2F}.Debug|x64.Build.0 = Debug|x64
		{A83ADF2D-E770-43D2-9673-EABF30DA6A2F}.Release|x64.ActiveCfg = Release|x64
		{A83ADF2D-E770-43D2-9673-EABF30DA6A2F}.Release|x64.Build.0 = Release|x64
		{A83ADF2D-E770-43D2-9673-EABF30DA6A2F}.Shipping|x64.ActiveCfg = Release|x64
		{A83ADF2D-E770-43D2-9673-EABF30DA6A2F}.Shipping|x64.Build.0 = Release|x64
		{9F9CE5DC-E883-45BA-A6C1-CCDB003DC9FF}.Shipping|x64.ActiveCfg = Release|x64
		{9F9CE5DC-E883-45BA-A6C1-CCDB003DC9FF}.Shipping|x64.Build.0 = Release|x64
		{26989E45-A768-4615-A1D7-7A7AF9CE65C5}.Debug|x64.ActiveCfg = Debug|x64
		{26989E45-A768-4615-A1D7-7A7AF9CE65C5}.Debug|x64.Build.0 = Debug|x64
		{26989E45-A768-4615-A1D7-7A7AF9CE65C5}.Release|x64.ActiveCfg = Release|x64
		{26989E45-A768-4615-A1D7-7A7AF9CE65C5}.Release|x64.Build.0 = Release|x64
		{26989E45-A768-4615-A1D7-7A7AF9CE65C5}.Shipping|x64.ActiveCfg = Release|x64
		{26989E45-A768-4615-A1D7-7A7AF9CE65C5}.Shipping|x64.Build.0 = Release|x64
		{35FBA4A0-F3F0-4E9A-865F-8267A9B105A5}.Debug|x64.ActiveCfg = Debug|x64
		{35FBA4A0-F3F0-4E9A-865F-8267A9B105A5}.Debug|x64.Build.0 = Debug|x64
		{35FBA4A0-F3F0-4E9A-865F-8267A9B105A5}.Release|x64.ActiveCfg = Release|x64
		{35FBA4A0-F3F0-4E9A-865F-8267A9B105A5}.Release|x64.Build.0 = Release|x64
		{35FBA4A0-F3F0-4E9A-865F-8267A9B105A5}.Shipping|x64.ActiveCfg = Release|x64
		{35FBA4A0-F3F0-4E9A-865F-8267A9B105A5}.Shipping|x64.Build.0 = Release|x64
		{2D543F2B-A407-4674-B56B-2D0C00A8A2C0}.Debug|x64.ActiveCfg = Debug|x64
		{2D543F2B-A407-4674-B56B-2D0C00A8A2C0}.Debug|x64.Build.0 = Debug|x64
		{2D543F2B-A407-4674-B56B-2D0C00A8A2C0}.Release|x64.ActiveCfg = Release|x64
		{2D543F2B-A407-4674-B56B-2D0C00A8A2C0}.Release|x64.Build.0 = Release|x64
		{2D543F2B-A407-4674-B56B-2D0C00A8A2C0}.Shipping|x64.ActiveCfg = Release|x64
		{2D543F2B-A407-4674-B56B-2D0C00A8A2C0}.Shipping|x64.Build.0 = Release|x64
	EndGlobalSection
	GlobalSection(SolutionProperties) = preSolution
		HideSolutionNode = FALSE
	EndGlobalSection
EndGlobal
